github.com/oswaldoooo/octools v0.0.0-20230307044723-0cde637c34e2 h1:R0PnZa1ABO7DMMWWP+oh1xW16InzPNtlL6mZcUE42sU=
github.com/oswaldoooo/octools v0.0.0-20230307044723-0cde637c34e2/go.mod h1:RCEYExIS71OUGjKdwyBhuKOIeHMjcBQxL6ErFpFNw0o=
github.com/oswaldoooo/octools v0.0.0-20230307050127-df571cc3429e h1:kH5Hy0aPBz9+G9KKqd0oO1j4TfsgrHBXo9TAjNGA7ao=
github.com/oswaldoooo/octools v0.0.0-20230307050127-df571cc3429e/go.mod h1:RCEYExIS71OUGjKdwyBhuKOIeHMjcBQxL6ErFpFNw0o=
